
Microsoft Visual Studio Solution File, Format Version 12.00
# Visual Studio Version 17
VisualStudioVersion = 17.2.32602.215
MinimumVisualStudioVersion = 10.0.40219.1
Project("{2150E333-8FDC-42A3-9474-1A3956D46DE8}") = "Microservices", "Microservices", "{93E81A82-F805-49AE-A946-572BFC8AC5A4}"
EndProject
Project("{2150E333-8FDC-42A3-9474-1A3956D46DE8}") = "Domain", "Domain", "{1ECF1EEF-6042-4667-93AA-4D7448C6273F}"
EndProject
Project("{2150E333-8FDC-42A3-9474-1A3956D46DE8}") = "Infra.Bus", "Infra.Bus", "{BD0E265C-2A2F-454B-92A3-4CC4155D354D}"
EndProject
Project("{2150E333-8FDC-42A3-9474-1A3956D46DE8}") = "Infra.IoC", "Infra.IoC", "{B40AAF93-71E9-4532-8AE0-AAD61FD817CC}"
EndProject
Project("{2150E333-8FDC-42A3-9474-1A3956D46DE8}") = "Presentation", "Presentation", "{084601C0-8B70-4493-98CA-CECF77179546}"
EndProject
Project("{9A19103F-16F7-4668-BE54-9A1E7A4F7556}") = "MicroRabbit.Domain.Core", "MicroRabbit.Domain.Core\MicroRabbit.Domain.Core.csproj", "{78EA354B-809F-48AF-9EF9-43B9A91CAA16}"
EndProject
Project("{9A19103F-16F7-4668-BE54-9A1E7A4F7556}") = "MicroRabbit.Infra.Bus", "MicroRabbit.Infra.Bus\MicroRabbit.Infra.Bus.csproj", "{130282FD-3705-4C24-A1E2-0A25AC38CBA1}"
EndProject
Project("{9A19103F-16F7-4668-BE54-9A1E7A4F7556}") = "MicroRabbit.Infra.IoC", "MicroRabbit.Infra.IoC\MicroRabbit.Infra.IoC.csproj", "{2826603B-847F-4788-817F-7B1D512B161B}"
EndProject
Project("{2150E333-8FDC-42A3-9474-1A3956D46DE8}") = "Banking", "Banking", "{8B2ECE1F-49C2-46DF-83A6-A71A1AC8B496}"
EndProject
Project("{2150E333-8FDC-42A3-9474-1A3956D46DE8}") = "Api", "Api", "{A55273C6-BFA6-4810-BF8C-6EED8947D6DD}"
EndProject
Project("{2150E333-8FDC-42A3-9474-1A3956D46DE8}") = "Domain", "Domain", "{CB5B32A1-3094-49C3-A807-7C33F27F5AFB}"
EndProject
Project("{2150E333-8FDC-42A3-9474-1A3956D46DE8}") = "Application", "Application", "{6896F2D8-C6BE-42A4-8CAA-0261C07153B2}"
EndProject
Project("{2150E333-8FDC-42A3-9474-1A3956D46DE8}") = "Data", "Data", "{8B64217A-821A-42A5-92F4-0F91274A537A}"
EndProject
Project("{9A19103F-16F7-4668-BE54-9A1E7A4F7556}") = "MicroRabbit.Banking.Api", "MicroRabbit.Banking.Api\MicroRabbit.Banking.Api.csproj", "{1D5D770B-DE7B-42E5-BC76-FED8E19C2436}"
EndProject
Project("{FAE04EC0-301F-11D3-BF4B-00C04F79EFBC}") = "MicroRabbit.Banking.Application", "Application\MicroRabbit.Banking.Application\MicroRabbit.Banking.Application.csproj", "{9448AFF1-C38B-4598-A6D8-534216E0AA3C}"
EndProject
Project("{FAE04EC0-301F-11D3-BF4B-00C04F79EFBC}") = "MicroRabbit.Banking.Data", "Data\MicroRabbit.Banking.Data\MicroRabbit.Banking.Data.csproj", "{98668CA1-F64E-42B4-B1CF-E1B24FC3B5A7}"
EndProject
Project("{FAE04EC0-301F-11D3-BF4B-00C04F79EFBC}") = "MicroRabbit.Banking.Domain", "Domain\MicroRabbit.Banking.Domain\MicroRabbit.Banking.Domain.csproj", "{387840A6-A648-444C-9AE1-93DFB9EBBCE8}"
EndProject
Global
	GlobalSection(SolutionConfigurationPlatforms) = preSolution
		Debug|Any CPU = Debug|Any CPU
		Release|Any CPU = Release|Any CPU
	EndGlobalSection
	GlobalSection(ProjectConfigurationPlatforms) = postSolution
		{78EA354B-809F-48AF-9EF9-43B9A91CAA16}.Debug|Any CPU.ActiveCfg = Debug|Any CPU
		{78EA354B-809F-48AF-9EF9-43B9A91CAA16}.Debug|Any CPU.Build.0 = Debug|Any CPU
		{78EA354B-809F-48AF-9EF9-43B9A91CAA16}.Release|Any CPU.ActiveCfg = Release|Any CPU
		{78EA354B-809F-48AF-9EF9-43B9A91CAA16}.Release|Any CPU.Build.0 = Release|Any CPU
		{130282FD-3705-4C24-A1E2-0A25AC38CBA1}.Debug|Any CPU.ActiveCfg = Debug|Any CPU
		{130282FD-3705-4C24-A1E2-0A25AC38CBA1}.Debug|Any CPU.Build.0 = Debug|Any CPU
		{130282FD-3705-4C24-A1E2-0A25AC38CBA1}.Release|Any CPU.ActiveCfg = Release|Any CPU
		{130282FD-3705-4C24-A1E2-0A25AC38CBA1}.Release|Any CPU.Build.0 = Release|Any CPU
		{2826603B-847F-4788-817F-7B1D512B161B}.Debug|Any CPU.ActiveCfg = Debug|Any CPU
		{2826603B-847F-4788-817F-7B1D512B161B}.Debug|Any CPU.Build.0 = Debug|Any CPU
		{2826603B-847F-4788-817F-7B1D512B161B}.Release|Any CPU.ActiveCfg = Release|Any CPU
		{2826603B-847F-4788-817F-7B1D512B161B}.Release|Any CPU.Build.0 = Release|Any CPU
		{1D5D770B-DE7B-42E5-BC76-FED8E19C2436}.Debug|Any CPU.ActiveCfg = Debug|Any CPU
		{1D5D770B-DE7B-42E5-BC76-FED8E19C2436}.Debug|Any CPU.Build.0 = Debug|Any CPU
		{1D5D770B-DE7B-42E5-BC76-FED8E19C2436}.Release|Any CPU.ActiveCfg = Release|Any CPU
		{1D5D770B-DE7B-42E5-BC76-FED8E19C2436}.Release|Any CPU.Build.0 = Release|Any CPU
		{9448AFF1-C38B-4598-A6D8-534216E0AA3C}.Debug|Any CPU.ActiveCfg = Debug|Any CPU
		{9448AFF1-C38B-4598-A6D8-534216E0AA3C}.Debug|Any CPU.Build.0 = Debug|Any CPU
		{9448AFF1-C38B-4598-A6D8-534216E0AA3C}.Release|Any CPU.ActiveCfg = Release|Any CPU
		{9448AFF1-C38B-4598-A6D8-534216E0AA3C}.Release|Any CPU.Build.0 = Release|Any CPU
		{98668CA1-F64E-42B4-B1CF-E1B24FC3B5A7}.Debug|Any CPU.ActiveCfg = Debug|Any CPU
		{98668CA1-F64E-42B4-B1CF-E1B24FC3B5A7}.Debug|Any CPU.Build.0 = Debug|Any CPU
		{98668CA1-F64E-42B4-B1CF-E1B24FC3B5A7}.Release|Any CPU.ActiveCfg = Release|Any CPU
		{98668CA1-F64E-42B4-B1CF-E1B24FC3B5A7}.Release|Any CPU.Build.0 = Release|Any CPU
		{387840A6-A648-444C-9AE1-93DFB9EBBCE8}.Debug|Any CPU.ActiveCfg = Debug|Any CPU
		{387840A6-A648-444C-9AE1-93DFB9EBBCE8}.Debug|Any CPU.Build.0 = Debug|Any CPU
		{387840A6-A648-444C-9AE1-93DFB9EBBCE8}.Release|Any CPU.ActiveCfg = Release|Any CPU
		{387840A6-A648-444C-9AE1-93DFB9EBBCE8}.Release|Any CPU.Build.0 = Release|Any CPU
	EndGlobalSection
	GlobalSection(SolutionProperties) = preSolution
		HideSolutionNode = FALSE
	EndGlobalSection
	GlobalSection(NestedProjects) = preSolution
		{78EA354B-809F-48AF-9EF9-43B9A91CAA16} = {1ECF1EEF-6042-4667-93AA-4D7448C6273F}
		{130282FD-3705-4C24-A1E2-0A25AC38CBA1} = {BD0E265C-2A2F-454B-92A3-4CC4155D354D}
		{2826603B-847F-4788-817F-7B1D512B161B} = {B40AAF93-71E9-4532-8AE0-AAD61FD817CC}
		{8B2ECE1F-49C2-46DF-83A6-A71A1AC8B496} = {93E81A82-F805-49AE-A946-572BFC8AC5A4}
		{A55273C6-BFA6-4810-BF8C-6EED8947D6DD} = {8B2ECE1F-49C2-46DF-83A6-A71A1AC8B496}
		{CB5B32A1-3094-49C3-A807-7C33F27F5AFB} = {8B2ECE1F-49C2-46DF-83A6-A71A1AC8B496}
		{6896F2D8-C6BE-42A4-8CAA-0261C07153B2} = {8B2ECE1F-49C2-46DF-83A6-A71A1AC8B496}
		{8B64217A-821A-42A5-92F4-0F91274A537A} = {8B2ECE1F-49C2-46DF-83A6-A71A1AC8B496}
		{1D5D770B-DE7B-42E5-BC76-FED8E19C2436} = {A55273C6-BFA6-4810-BF8C-6EED8947D6DD}
		{9448AFF1-C38B-4598-A6D8-534216E0AA3C} = {6896F2D8-C6BE-42A4-8CAA-0261C07153B2}
		{98668CA1-F64E-42B4-B1CF-E1B24FC3B5A7} = {8B64217A-821A-42A5-92F4-0F91274A537A}
		{387840A6-A648-444C-9AE1-93DFB9EBBCE8} = {CB5B32A1-3094-49C3-A807-7C33F27F5AFB}
	EndGlobalSection
	GlobalSection(ExtensibilityGlobals) = postSolution
		SolutionGuid = {CE2384BE-162F-4C10-8481-4B202874A3BD}
	EndGlobalSection
EndGlobal
